
Microsoft Visual Studio Solution File, Format Version 11.00
# Visual Studio 2010
Project("{FAE04EC0-301F-11D3-BF4B-00C04F79EFBC}") = "NSimpleBus", "src\NSimpleBus\NSimpleBus.csproj", "{FFCDC04C-C034-4BDF-AA59-BACD05B8E482}"
EndProject
Project("{FAE04EC0-301F-11D3-BF4B-00C04F79EFBC}") = "NSimpleBus.Transports.RabbitMQ", "src\NSimpleBus.Transports.RabbitMQ\NSimpleBus.Transports.RabbitMQ.csproj", "{D07A6707-D366-4D1F-BB97-A0F3EF516F57}"
EndProject
Project("{2150E333-8FDC-42A3-9474-1A3956D46DE8}") = "Build", "Build", "{BF81B077-A630-4088-B19E-ADCF5F50876D}"
	ProjectSection(SolutionItems) = preProject
		build\NSimpleBusBuild.proj = build\NSimpleBusBuild.proj
	EndProjectSection
EndProject
Global
	GlobalSection(SolutionConfigurationPlatforms) = preSolution
		Debug|Any CPU = Debug|Any CPU
		Release|Any CPU = Release|Any CPU
	EndGlobalSection
	GlobalSection(ProjectConfigurationPlatforms) = postSolution
		{FFCDC04C-C034-4BDF-AA59-BACD05B8E482}.Debug|Any CPU.ActiveCfg = Debug|Any CPU
		{FFCDC04C-C034-4BDF-AA59-BACD05B8E482}.Debug|Any CPU.Build.0 = Debug|Any CPU
		{FFCDC04C-C034-4BDF-AA59-BACD05B8E482}.Release|Any CPU.ActiveCfg = Release|Any CPU
		{FFCDC04C-C034-4BDF-AA59-BACD05B8E482}.Release|Any CPU.Build.0 = Release|Any CPU
		{D07A6707-D366-4D1F-BB97-A0F3EF516F57}.Debug|Any CPU.ActiveCfg = Debug|Any CPU
		{D07A6707-D366-4D1F-BB97-A0F3EF516F57}.Debug|Any CPU.Build.0 = Debug|Any CPU
		{D07A6707-D366-4D1F-BB97-A0F3EF516F57}.Release|Any CPU.ActiveCfg = Release|Any CPU
		{D07A6707-D366-4D1F-BB97-A0F3EF516F57}.Release|Any CPU.Build.0 = Release|Any CPU
	EndGlobalSection
	GlobalSection(SolutionProperties) = preSolution
		HideSolutionNode = FALSE
	EndGlobalSection
EndGlobal
